
Microsoft Visual Studio Solution File, Format Version 12.00
# Visual Studio Version 17
VisualStudioVersion = 17.5.33627.172
MinimumVisualStudioVersion = 10.0.40219.1
Project("{888888A0-9F3D-457C-B088-3A5042F75D52}") = "IterationAndRecursion", "IterationAndRecursion.pyproj", "{916A13BA-9618-4147-BAD5-7056930EFC7B}"
EndProject
Global
	GlobalSection(SolutionConfigurationPlatforms) = preSolution
		Debug|Any CPU = Debug|Any CPU
		Release|Any CPU = Release|Any CPU
	EndGlobalSection
	GlobalSection(ProjectConfigurationPlatforms) = postSolution
		{916A13BA-9618-4147-BAD5-7056930EFC7B}.Debug|Any CPU.ActiveCfg = Debug|Any CPU
		{916A13BA-9618-4147-BAD5-7056930EFC7B}.Release|Any CPU.ActiveCfg = Release|Any CPU
	EndGlobalSection
	GlobalSection(SolutionProperties) = preSolution
		HideSolutionNode = FALSE
	EndGlobalSection
	GlobalSection(ExtensibilityGlobals) = postSolution
		SolutionGuid = {954D9547-D181-419F-9AF3-738CD93A7EB0}
	EndGlobalSection
EndGlobal
